
Microsoft Visual Studio Solution File, Format Version 12.00
# Visual Studio Version 17
VisualStudioVersion = 17.1.32328.378
MinimumVisualStudioVersion = 10.0.40219.1
Project("{FAE04EC0-301F-11D3-BF4B-00C04F79EFBC}") = "BasicProgrammingProb", "BasicProgrammingProb.csproj", "{3C8D40AC-A29C-4604-BB48-C2549B03BFE8}"
EndProject
Global
	GlobalSection(SolutionConfigurationPlatforms) = preSolution
		Debug|Any CPU = Debug|Any CPU
		Release|Any CPU = Release|Any CPU
	EndGlobalSection
	GlobalSection(ProjectConfigurationPlatforms) = postSolution
		{3C8D40AC-A29C-4604-BB48-C2549B03BFE8}.Debug|Any CPU.ActiveCfg = Debug|Any CPU
		{3C8D40AC-A29C-4604-BB48-C2549B03BFE8}.Debug|Any CPU.Build.0 = Debug|Any CPU
		{3C8D40AC-A29C-4604-BB48-C2549B03BFE8}.Release|Any CPU.ActiveCfg = Release|Any CPU
		{3C8D40AC-A29C-4604-BB48-C2549B03BFE8}.Release|Any CPU.Build.0 = Release|Any CPU
	EndGlobalSection
	GlobalSection(SolutionProperties) = preSolution
		HideSolutionNode = FALSE
	EndGlobalSection
	GlobalSection(ExtensibilityGlobals) = postSolution
		SolutionGuid = {AF6AA771-878E-4BD6-BB5D-D7D90045C476}
	EndGlobalSection
EndGlobal
